
Microsoft Visual Studio Solution File, Format Version 12.00
# Visual Studio Version 17
VisualStudioVersion = 17.9.34723.18
MinimumVisualStudioVersion = 10.0.40219.1
Project("{9A19103F-16F7-4668-BE54-9A1E7A4F7556}") = "xadrez-console", "ChessProject-Console\xadrez-console.csproj", "{64FF6A71-A6F0-433E-8D97-F8FF73E3908C}"
EndProject
Global
	GlobalSection(SolutionConfigurationPlatforms) = preSolution
		Debug|Any CPU = Debug|Any CPU
		Release|Any CPU = Release|Any CPU
	EndGlobalSection
	GlobalSection(ProjectConfigurationPlatforms) = postSolution
		{64FF6A71-A6F0-433E-8D97-F8FF73E3908C}.Debug|Any CPU.ActiveCfg = Debug|Any CPU
		{64FF6A71-A6F0-433E-8D97-F8FF73E3908C}.Debug|Any CPU.Build.0 = Debug|Any CPU
		{64FF6A71-A6F0-433E-8D97-F8FF73E3908C}.Release|Any CPU.ActiveCfg = Release|Any CPU
		{64FF6A71-A6F0-433E-8D97-F8FF73E3908C}.Release|Any CPU.Build.0 = Release|Any CPU
	EndGlobalSection
	GlobalSection(SolutionProperties) = preSolution
		HideSolutionNode = FALSE
	EndGlobalSection
	GlobalSection(ExtensibilityGlobals) = postSolution
		SolutionGuid = {7DA8E692-E505-4C9F-9E22-98B3085EE1DB}
	EndGlobalSection
EndGlobal
